
Microsoft Visual Studio Solution File, Format Version 12.00
# Visual Studio Version 17
VisualStudioVersion = 17.14.36511.14 d17.14
MinimumVisualStudioVersion = 10.0.40219.1
Project("{FAE04EC0-301F-11D3-BF4B-00C04F79EFBC}") = "LibraryManagmentSystem", "LibraryManagmentSystem.csproj", "{53ACAD42-8948-47D7-9992-EC18B724EA0A}"
EndProject
Global
	GlobalSection(SolutionConfigurationPlatforms) = preSolution
		Debug|Any CPU = Debug|Any CPU
		Release|Any CPU = Release|Any CPU
	EndGlobalSection
	GlobalSection(ProjectConfigurationPlatforms) = postSolution
		{53ACAD42-8948-47D7-9992-EC18B724EA0A}.Debug|Any CPU.ActiveCfg = Debug|Any CPU
		{53ACAD42-8948-47D7-9992-EC18B724EA0A}.Debug|Any CPU.Build.0 = Debug|Any CPU
		{53ACAD42-8948-47D7-9992-EC18B724EA0A}.Release|Any CPU.ActiveCfg = Release|Any CPU
		{53ACAD42-8948-47D7-9992-EC18B724EA0A}.Release|Any CPU.Build.0 = Release|Any CPU
	EndGlobalSection
	GlobalSection(SolutionProperties) = preSolution
		HideSolutionNode = FALSE
	EndGlobalSection
	GlobalSection(ExtensibilityGlobals) = postSolution
		SolutionGuid = {77A5E76E-BB1C-49EB-B696-C5CF75C62F57}
	EndGlobalSection
EndGlobal
